
Microsoft Visual Studio Solution File, Format Version 12.00
# Visual Studio Version 17
VisualStudioVersion = 17.0.31912.275
MinimumVisualStudioVersion = 10.0.40219.1
Project("{FAE04EC0-301F-11D3-BF4B-00C04F79EFBC}") = "murmur3_dumper", "murmur3_dumper.csproj", "{49047224-40D3-4B33-B0F0-4F919BA9F0D6}"
EndProject
Global
	GlobalSection(SolutionConfigurationPlatforms) = preSolution
		Debug|Any CPU = Debug|Any CPU
		Release|Any CPU = Release|Any CPU
	EndGlobalSection
	GlobalSection(ProjectConfigurationPlatforms) = postSolution
		{49047224-40D3-4B33-B0F0-4F919BA9F0D6}.Debug|Any CPU.ActiveCfg = Debug|Any CPU
		{49047224-40D3-4B33-B0F0-4F919BA9F0D6}.Debug|Any CPU.Build.0 = Debug|Any CPU
		{49047224-40D3-4B33-B0F0-4F919BA9F0D6}.Release|Any CPU.ActiveCfg = Release|Any CPU
		{49047224-40D3-4B33-B0F0-4F919BA9F0D6}.Release|Any CPU.Build.0 = Release|Any CPU
	EndGlobalSection
	GlobalSection(SolutionProperties) = preSolution
		HideSolutionNode = FALSE
	EndGlobalSection
	GlobalSection(ExtensibilityGlobals) = postSolution
		SolutionGuid = {0B37E77D-63EC-4B6A-AB5A-7E72CCBD6DB2}
	EndGlobalSection
EndGlobal
